
Microsoft Visual Studio Solution File, Format Version 12.00
# Visual Studio Version 17
VisualStudioVersion = 17.9.34723.18
MinimumVisualStudioVersion = 10.0.40219.1
Project("{888888A0-9F3D-457C-B088-3A5042F75D52}") = "Student_test", "Student_test\Student_test.pyproj", "{5BE47E78-85C4-41F4-9BB5-18C3AC517437}"
EndProject
Global
	GlobalSection(SolutionConfigurationPlatforms) = preSolution
		Debug|Any CPU = Debug|Any CPU
		Release|Any CPU = Release|Any CPU
	EndGlobalSection
	GlobalSection(ProjectConfigurationPlatforms) = postSolution
		{5BE47E78-85C4-41F4-9BB5-18C3AC517437}.Debug|Any CPU.ActiveCfg = Debug|Any CPU
		{5BE47E78-85C4-41F4-9BB5-18C3AC517437}.Release|Any CPU.ActiveCfg = Release|Any CPU
	EndGlobalSection
	GlobalSection(SolutionProperties) = preSolution
		HideSolutionNode = FALSE
	EndGlobalSection
	GlobalSection(ExtensibilityGlobals) = postSolution
		SolutionGuid = {2F85CA8D-255E-41B6-BF20-68328A9E94E3}
	EndGlobalSection
EndGlobal
